
Microsoft Visual Studio Solution File, Format Version 12.00
# Visual Studio Version 16
VisualStudioVersion = 16.0.30907.101
MinimumVisualStudioVersion = 10.0.40219.1
Project("{9A19103F-16F7-4668-BE54-9A1E7A4F7556}") = "CodePattern_1", "CodePattern_test\CodePattern_1.csproj", "{812CB12E-B65B-44DC-9D4A-DAFAAA8A6997}"
EndProject
Global
	GlobalSection(SolutionConfigurationPlatforms) = preSolution
		Debug|Any CPU = Debug|Any CPU
		Release|Any CPU = Release|Any CPU
	EndGlobalSection
	GlobalSection(ProjectConfigurationPlatforms) = postSolution
		{812CB12E-B65B-44DC-9D4A-DAFAAA8A6997}.Debug|Any CPU.ActiveCfg = Debug|Any CPU
		{812CB12E-B65B-44DC-9D4A-DAFAAA8A6997}.Debug|Any CPU.Build.0 = Debug|Any CPU
		{812CB12E-B65B-44DC-9D4A-DAFAAA8A6997}.Release|Any CPU.ActiveCfg = Release|Any CPU
		{812CB12E-B65B-44DC-9D4A-DAFAAA8A6997}.Release|Any CPU.Build.0 = Release|Any CPU
	EndGlobalSection
	GlobalSection(SolutionProperties) = preSolution
		HideSolutionNode = FALSE
	EndGlobalSection
	GlobalSection(ExtensibilityGlobals) = postSolution
		SolutionGuid = {E21B9BA2-CD6A-4486-B4D6-6A5AC91BE4FF}
	EndGlobalSection
EndGlobal
